
Microsoft Visual Studio Solution File, Format Version 12.00
# Visual Studio Version 17
VisualStudioVersion = 17.4.33205.214
MinimumVisualStudioVersion = 10.0.40219.1
Project("{FAE04EC0-301F-11D3-BF4B-00C04F79EFBC}") = "BMI_Kalkylator", "BMI_Kalkylator\BMI_Kalkylator.csproj", "{4EDE6314-1EC4-4675-9170-2BB36382DC8B}"
EndProject
Global
	GlobalSection(SolutionConfigurationPlatforms) = preSolution
		Debug|Any CPU = Debug|Any CPU
		Release|Any CPU = Release|Any CPU
	EndGlobalSection
	GlobalSection(ProjectConfigurationPlatforms) = postSolution
		{4EDE6314-1EC4-4675-9170-2BB36382DC8B}.Debug|Any CPU.ActiveCfg = Debug|Any CPU
		{4EDE6314-1EC4-4675-9170-2BB36382DC8B}.Debug|Any CPU.Build.0 = Debug|Any CPU
		{4EDE6314-1EC4-4675-9170-2BB36382DC8B}.Release|Any CPU.ActiveCfg = Release|Any CPU
		{4EDE6314-1EC4-4675-9170-2BB36382DC8B}.Release|Any CPU.Build.0 = Release|Any CPU
	EndGlobalSection
	GlobalSection(SolutionProperties) = preSolution
		HideSolutionNode = FALSE
	EndGlobalSection
	GlobalSection(ExtensibilityGlobals) = postSolution
		SolutionGuid = {AD0A8922-DCBD-4F28-A04B-B1DA0BEBBAE3}
	EndGlobalSection
EndGlobal
